// !$*UTF8*$!
{
	archiveVersion = 1;
	classes = {
	};
	objectVersion = 56;
	objects = {

/* Begin PBXBuildFile section */
		9BE511F328E5E2DD00DE1407 /* CustomUIKit.docc in Sources */ = {isa = PBXBuildFile; fileRef = 9BE511F228E5E2DD00DE1407 /* CustomUIKit.docc */; };
		9BE511F928E5E2DD00DE1407 /* CustomUIKit.framework in Frameworks */ = {isa = PBXBuildFile; fileRef = 9BE511EE28E5E2DD00DE1407 /* CustomUIKit.framework */; };
		9BE511FE28E5E2DD00DE1407 /* CustomUIKitTests.swift in Sources */ = {isa = PBXBuildFile; fileRef = 9BE511FD28E5E2DD00DE1407 /* CustomUIKitTests.swift */; };
		9BE511FF28E5E2DD00DE1407 /* CustomUIKit.h in Headers */ = {isa = PBXBuildFile; fileRef = 9BE511F128E5E2DD00DE1407 /* CustomUIKit.h */; settings = {ATTRIBUTES = (Public, ); }; };
		9BE5120928E5E31800DE1407 /* CustomUIHeaderView.swift in Sources */ = {isa = PBXBuildFile; fileRef = 9BE5120828E5E31800DE1407 /* CustomUIHeaderView.swift */; };
		9BE5124628E5EA6400DE1407 /* CustomUITableView.swift in Sources */ = {isa = PBXBuildFile; fileRef = 9BE5124528E5EA6400DE1407 /* CustomUITableView.swift */; };
		9BE5124C28E5F47A00DE1407 /* SnapKit in Frameworks */ = {isa = PBXBuildFile; productRef = 9BE5124B28E5F47A00DE1407 /* SnapKit */; };
		9BE5124E28E5F6FC00DE1407 /* CustomUISegmentControl.swift in Sources */ = {isa = PBXBuildFile; fileRef = 9BE5124D28E5F6FC00DE1407 /* CustomUISegmentControl.swift */; };
/* End PBXBuildFile section */

/* Begin PBXContainerItemProxy section */
		9BE511FA28E5E2DD00DE1407 /* PBXContainerItemProxy */ = {
			isa = PBXContainerItemProxy;
			containerPortal = 9BE511E528E5E2DD00DE1407 /* Project object */;
			proxyType = 1;
			remoteGlobalIDString = 9BE511ED28E5E2DD00DE1407;
			remoteInfo = CustomUIKit;
		};
/* End PBXContainerItemProxy section */

/* Begin PBXFileReference section */
		9BE511EE28E5E2DD00DE1407 /* CustomUIKit.framework */ = {isa = PBXFileReference; explicitFileType = wrapper.framework; includeInIndex = 0; path = CustomUIKit.framework; sourceTree = BUILT_PRODUCTS_DIR; };
		9BE511F128E5E2DD00DE1407 /* CustomUIKit.h */ = {isa = PBXFileReference; lastKnownFileType = sourcecode.c.h; path = CustomUIKit.h; sourceTree = "<group>"; };
		9BE511F228E5E2DD00DE1407 /* CustomUIKit.docc */ = {isa = PBXFileReference; lastKnownFileType = folder.documentationcatalog; path = CustomUIKit.docc; sourceTree = "<group>"; };
		9BE511F828E5E2DD00DE1407 /* CustomUIKitTests.xctest */ = {isa = PBXFileReference; explicitFileType = wrapper.cfbundle; includeInIndex = 0; path = CustomUIKitTests.xctest; sourceTree = BUILT_PRODUCTS_DIR; };
		9BE511FD28E5E2DD00DE1407 /* CustomUIKitTests.swift */ = {isa = PBXFileReference; lastKnownFileType = sourcecode.swift; path = CustomUIKitTests.swift; sourceTree = "<group>"; };
		9BE5120828E5E31800DE1407 /* CustomUIHeaderView.swift */ = {isa = PBXFileReference; lastKnownFileType = sourcecode.swift; path = CustomUIHeaderView.swift; sourceTree = "<group>"; };
		9BE5124528E5EA6400DE1407 /* CustomUITableView.swift */ = {isa = PBXFileReference; lastKnownFileType = sourcecode.swift; path = CustomUITableView.swift; sourceTree = "<group>"; };
		9BE5124D28E5F6FC00DE1407 /* CustomUISegmentControl.swift */ = {isa = PBXFileReference; lastKnownFileType = sourcecode.swift; path = CustomUISegmentControl.swift; sourceTree = "<group>"; };
/* End PBXFileReference section */

/* Begin PBXFrameworksBuildPhase section */
		9BE511EB28E5E2DD00DE1407 /* Frameworks */ = {
			isa = PBXFrameworksBuildPhase;
			buildActionMask = 2147483647;
			files = (
				9BE5124C28E5F47A00DE1407 /* SnapKit in Frameworks */,
			);
			runOnlyForDeploymentPostprocessing = 0;
		};
		9BE511F528E5E2DD00DE1407 /* Frameworks */ = {
			isa = PBXFrameworksBuildPhase;
			buildActionMask = 2147483647;
			files = (
				9BE511F928E5E2DD00DE1407 /* CustomUIKit.framework in Frameworks */,
			);
			runOnlyForDeploymentPostprocessing = 0;
		};
/* End PBXFrameworksBuildPhase section */

/* Begin PBXGroup section */
		9BE511E428E5E2DD00DE1407 = {
			isa = PBXGroup;
			children = (
				9BE511F028E5E2DD00DE1407 /* CustomUIKit */,
				9BE511FC28E5E2DD00DE1407 /* CustomUIKitTests */,
				9BE511EF28E5E2DD00DE1407 /* Products */,
			);
			sourceTree = "<group>";
		};
		9BE511EF28E5E2DD00DE1407 /* Products */ = {
			isa = PBXGroup;
			children = (
				9BE511EE28E5E2DD00DE1407 /* CustomUIKit.framework */,
				9BE511F828E5E2DD00DE1407 /* CustomUIKitTests.xctest */,
			);
			name = Products;
			sourceTree = "<group>";
		};
		9BE511F028E5E2DD00DE1407 /* CustomUIKit */ = {
			isa = PBXGroup;
			children = (
				9BE511F128E5E2DD00DE1407 /* CustomUIKit.h */,
				9BE511F228E5E2DD00DE1407 /* CustomUIKit.docc */,
				9BE5120828E5E31800DE1407 /* CustomUIHeaderView.swift */,
				9BE5124528E5EA6400DE1407 /* CustomUITableView.swift */,
				9BE5124D28E5F6FC00DE1407 /* CustomUISegmentControl.swift */,
			);
			path = CustomUIKit;
			sourceTree = "<group>";
		};
		9BE511FC28E5E2DD00DE1407 /* CustomUIKitTests */ = {
			isa = PBXGroup;
			children = (
				9BE511FD28E5E2DD00DE1407 /* CustomUIKitTests.swift */,
			);
			path = CustomUIKitTests;
			sourceTree = "<group>";
		};
/* End PBXGroup section */

/* Begin PBXHeadersBuildPhase section */
		9BE511E928E5E2DD00DE1407 /* Headers */ = {
			isa = PBXHeadersBuildPhase;
			buildActionMask = 2147483647;
			files = (
				9BE511FF28E5E2DD00DE1407 /* CustomUIKit.h in Headers */,
			);
			runOnlyForDeploymentPostprocessing = 0;
		};
/* End PBXHeadersBuildPhase section */

/* Begin PBXNativeTarget section */
		9BE511ED28E5E2DD00DE1407 /* CustomUIKit */ = {
			isa = PBXNativeTarget;
			buildConfigurationList = 9BE5120228E5E2DD00DE1407 /* Build configuration list for PBXNativeTarget "CustomUIKit" */;
			buildPhases = (
				9BE511E928E5E2DD00DE1407 /* Headers */,
				9BE511EA28E5E2DD00DE1407 /* Sources */,
				9BE511EB28E5E2DD00DE1407 /* Frameworks */,
				9BE511EC28E5E2DD00DE1407 /* Resources */,
			);
			buildRules = (
			);
			dependencies = (
			);
			name = CustomUIKit;
			packageProductDependencies = (
				9BE5124B28E5F47A00DE1407 /* SnapKit */,
			);
			productName = CustomUIKit;
			productReference = 9BE511EE28E5E2DD00DE1407 /* CustomUIKit.framework */;
			productType = "com.apple.product-type.framework";
		};
		9BE511F728E5E2DD00DE1407 /* CustomUIKitTests */ = {
			isa = PBXNativeTarget;
			buildConfigurationList = 9BE5120528E5E2DD00DE1407 /* Build configuration list for PBXNativeTarget "CustomUIKitTests" */;
			buildPhases = (
				9BE511F428E5E2DD00DE1407 /* Sources */,
				9BE511F528E5E2DD00DE1407 /* Frameworks */,
				9BE511F628E5E2DD00DE1407 /* Resources */,
			);
			buildRules = (
			);
			dependencies = (
				9BE511FB28E5E2DD00DE1407 /* PBXTargetDependency */,
			);
			name = CustomUIKitTests;
			productName = CustomUIKitTests;
			productReference = 9BE511F828E5E2DD00DE1407 /* CustomUIKitTests.xctest */;
			productType = "com.apple.product-type.bundle.unit-test";
		};
/* End PBXNativeTarget section */

/* Begin PBXProject section */
		9BE511E528E5E2DD00DE1407 /* Project object */ = {
			isa = PBXProject;
			attributes = {
				BuildIndependentTargetsInParallel = 1;
				LastSwiftUpdateCheck = 1400;
				LastUpgradeCheck = 1400;
				TargetAttributes = {
					9BE511ED28E5E2DD00DE1407 = {
						CreatedOnToolsVersion = 14.0.1;
					};
					9BE511F728E5E2DD00DE1407 = {
						CreatedOnToolsVersion = 14.0.1;
					};
				};
			};
			buildConfigurationList = 9BE511E828E5E2DD00DE1407 /* Build configuration list for PBXProject "CustomUIKit" */;
			compatibilityVersion = "Xcode 14.0";
			developmentRegion = en;
			hasScannedForEncodings = 0;
			knownRegions = (
				en,
				Base,
			);
			mainGroup = 9BE511E428E5E2DD00DE1407;
			packageReferences = (
				9BE5124A28E5F47A00DE1407 /* XCRemoteSwiftPackageReference "SnapKit" */,
			);
			productRefGroup = 9BE511EF28E5E2DD00DE1407 /* Products */;
			projectDirPath = "";
			projectRoot = "";
			targets = (
				9BE511ED28E5E2DD00DE1407 /* CustomUIKit */,
				9BE511F728E5E2DD00DE1407 /* CustomUIKitTests */,
			);
		};
/* End PBXProject section */

/* Begin PBXResourcesBuildPhase section */
		9BE511EC28E5E2DD00DE1407 /* Resources */ = {
			isa = PBXResourcesBuildPhase;
			buildActionMask = 2147483647;
			files = (
			);
			runOnlyForDeploymentPostprocessing = 0;
		};
		9BE511F628E5E2DD00DE1407 /* Resources */ = {
			isa = PBXResourcesBuildPhase;
			buildActionMask = 2147483647;
			files = (
			);
			runOnlyForDeploymentPostprocessing = 0;
		};
/* End PBXResourcesBuildPhase section */

/* Begin PBXSourcesBuildPhase section */
		9BE511EA28E5E2DD00DE1407 /* Sources */ = {
			isa = PBXSourcesBuildPhase;
			buildActionMask = 2147483647;
			files = (
				9BE5124E28E5F6FC00DE1407 /* CustomUISegmentControl.swift in Sources */,
				9BE5120928E5E31800DE1407 /* CustomUIHeaderView.swift in Sources */,
				9BE511F328E5E2DD00DE1407 /* CustomUIKit.docc in Sources */,
				9BE5124628E5EA6400DE1407 /* CustomUITableView.swift in Sources */,
			);
			runOnlyForDeploymentPostprocessing = 0;
		};
		9BE511F428E5E2DD00DE1407 /* Sources */ = {
			isa = PBXSourcesBuildPhase;
			buildActionMask = 2147483647;
			files = (
				9BE511FE28E5E2DD00DE1407 /* CustomUIKitTests.swift in Sources */,
			);
			runOnlyForDeploymentPostprocessing = 0;
		};
/* End PBXSourcesBuildPhase section */

/* Begin PBXTargetDependency section */
		9BE511FB28E5E2DD00DE1407 /* PBXTargetDependency */ = {
			isa = PBXTargetDependency;
			target = 9BE511ED28E5E2DD00DE1407 /* CustomUIKit */;
			targetProxy = 9BE511FA28E5E2DD00DE1407 /* PBXContainerItemProxy */;
		};
/* End PBXTargetDependency section */

/* Begin XCBuildConfiguration section */
		9BE5120028E5E2DD00DE1407 /* Debug */ = {
			isa = XCBuildConfiguration;
			buildSettings = {
				ALWAYS_SEARCH_USER_PATHS = NO;
				CLANG_ANALYZER_NONNULL = YES;
				CLANG_ANALYZER_NUMBER_OBJECT_CONVERSION = YES_AGGRESSIVE;
				CLANG_CXX_LANGUAGE_STANDARD = "gnu++20";
				CLANG_ENABLE_MODULES = YES;
				CLANG_ENABLE_OBJC_ARC = YES;
				CLANG_ENABLE_OBJC_WEAK = YES;
				CLANG_WARN_BLOCK_CAPTURE_AUTORELEASING = YES;
				CLANG_WARN_BOOL_CONVERSION = YES;
				CLANG_WARN_COMMA = YES;
				CLANG_WARN_CONSTANT_CONVERSION = YES;
				CLANG_WARN_DEPRECATED_OBJC_IMPLEMENTATIONS = YES;
				CLANG_WARN_DIRECT_OBJC_ISA_USAGE = YES_ERROR;
				CLANG_WARN_DOCUMENTATION_COMMENTS = YES;
				CLANG_WARN_EMPTY_BODY = YES;
				CLANG_WARN_ENUM_CONVERSION = YES;
				CLANG_WARN_INFINITE_RECURSION = YES;
				CLANG_WARN_INT_CONVERSION = YES;
				CLANG_WARN_NON_LITERAL_NULL_CONVERSION = YES;
				CLANG_WARN_OBJC_IMPLICIT_RETAIN_SELF = YES;
				CLANG_WARN_OBJC_LITERAL_CONVERSION = YES;
				CLANG_WARN_OBJC_ROOT_CLASS = YES_ERROR;
				CLANG_WARN_QUOTED_INCLUDE_IN_FRAMEWORK_HEADER = YES;
				CLANG_WARN_RANGE_LOOP_ANALYSIS = YES;
				CLANG_WARN_STRICT_PROTOTYPES = YES;
				CLANG_WARN_SUSPICIOUS_MOVE = YES;
				CLANG_WARN_UNGUARDED_AVAILABILITY = YES_AGGRESSIVE;
				CLANG_WARN_UNREACHABLE_CODE = YES;
				CLANG_WARN__DUPLICATE_METHOD_MATCH = YES;
				COPY_PHASE_STRIP = NO;
				CURRENT_PROJECT_VERSION = 1;
				DEBUG_INFORMATION_FORMAT = dwarf;
				ENABLE_STRICT_OBJC_MSGSEND = YES;
				ENABLE_TESTABILITY = YES;
				GCC_C_LANGUAGE_STANDARD = gnu11;
				GCC_DYNAMIC_NO_PIC = NO;
				GCC_NO_COMMON_BLOCKS = YES;
				GCC_OPTIMIZATION_LEVEL = 0;
				GCC_PREPROCESSOR_DEFINITIONS = (
					"DEBUG=1",
					"$(inherited)",
				);
				GCC_WARN_64_TO_32_BIT_CONVERSION = YES;
				GCC_WARN_ABOUT_RETURN_TYPE = YES_ERROR;
				GCC_WARN_UNDECLARED_SELECTOR = YES;
				GCC_WARN_UNINITIALIZED_AUTOS = YES_AGGRESSIVE;
				GCC_WARN_UNUSED_FUNCTION = YES;
				GCC_WARN_UNUSED_VARIABLE = YES;
				IPHONEOS_DEPLOYMENT_TARGET = 14.1;
				MTL_ENABLE_DEBUG_INFO = INCLUDE_SOURCE;
				MTL_FAST_MATH = YES;
				ONLY_ACTIVE_ARCH = YES;
				SDKROOT = iphoneos;
				SWIFT_ACTIVE_COMPILATION_CONDITIONS = DEBUG;
				SWIFT_OPTIMIZATION_LEVEL = "-Onone";
				VERSIONING_SYSTEM = "apple-generic";
				VERSION_INFO_PREFIX = "";
			};
			name = Debug;
		};
		9BE5120128E5E2DD00DE1407 /* Release */ = {
			isa = XCBuildConfiguration;
			buildSettings = {
				ALWAYS_SEARCH_USER_PATHS = NO;
				CLANG_ANALYZER_NONNULL = YES;
				CLANG_ANALYZER_NUMBER_OBJECT_CONVERSION = YES_AGGRESSIVE;
				CLANG_CXX_LANGUAGE_STANDARD = "gnu++20";
				CLANG_ENABLE_MODULES = YES;
				CLANG_ENABLE_OBJC_ARC = YES;
				CLANG_ENABLE_OBJC_WEAK = YES;
				CLANG_WARN_BLOCK_CAPTURE_AUTORELEASING = YES;
				CLANG_WARN_BOOL_CONVERSION = YES;
				CLANG_WARN_COMMA = YES;
				CLANG_WARN_CONSTANT_CONVERSION = YES;
				CLANG_WARN_DEPRECATED_OBJC_IMPLEMENTATIONS = YES;
				CLANG_WARN_DIRECT_OBJC_ISA_USAGE = YES_ERROR;
				CLANG_WARN_DOCUMENTATION_COMMENTS = YES;
				CLANG_WARN_EMPTY_BODY = YES;
				CLANG_WARN_ENUM_CONVERSION = YES;
				CLANG_WARN_INFINITE_RECURSION = YES;
				CLANG_WARN_INT_CONVERSION = YES;
				CLANG_WARN_NON_LITERAL_NULL_CONVERSION = YES;
				CLANG_WARN_OBJC_IMPLICIT_RETAIN_SELF = YES;
				CLANG_WARN_OBJC_LITERAL_CONVERSION = YES;
				CLANG_WARN_OBJC_ROOT_CLASS = YES_ERROR;
				CLANG_WARN_QUOTED_INCLUDE_IN_FRAMEWORK_HEADER = YES;
				CLANG_WARN_RANGE_LOOP_ANALYSIS = YES;
				CLANG_WARN_STRICT_PROTOTYPES = YES;
				CLANG_WARN_SUSPICIOUS_MOVE = YES;
				CLANG_WARN_UNGUARDED_AVAILABILITY = YES_AGGRESSIVE;
				CLANG_WARN_UNREACHABLE_CODE = YES;
				CLANG_WARN__DUPLICATE_METHOD_MATCH = YES;
				COPY_PHASE_STRIP = NO;
				CURRENT_PROJECT_VERSION = 1;
				DEBUG_INFORMATION_FORMAT = "dwarf-with-dsym";
				ENABLE_NS_ASSERTIONS = NO;
				ENABLE_STRICT_OBJC_MSGSEND = YES;
				GCC_C_LANGUAGE_STANDARD = gnu11;
				GCC_NO_COMMON_BLOCKS = YES;
				GCC_WARN_64_TO_32_BIT_CONVERSION = YES;
				GCC_WARN_ABOUT_RETURN_TYPE = YES_ERROR;
				GCC_WARN_UNDECLARED_SELECTOR = YES;
				GCC_WARN_UNINITIALIZED_AUTOS = YES_AGGRESSIVE;
				GCC_WARN_UNUSED_FUNCTION = YES;
				GCC_WARN_UNUSED_VARIABLE = YES;
				IPHONEOS_DEPLOYMENT_TARGET = 14.1;
				MTL_ENABLE_DEBUG_INFO = NO;
				MTL_FAST_MATH = YES;
				SDKROOT = iphoneos;
				SWIFT_COMPILATION_MODE = wholemodule;
				SWIFT_OPTIMIZATION_LEVEL = "-O";
				VALIDATE_PRODUCT = YES;
				VERSIONING_SYSTEM = "apple-generic";
				VERSION_INFO_PREFIX = "";
			};
			name = Release;
		};
		9BE5120328E5E2DD00DE1407 /* Debug */ = {
			isa = XCBuildConfiguration;
			buildSettings = {
				CODE_SIGN_STYLE = Automatic;
				CURRENT_PROJECT_VERSION = 1;
				DEFINES_MODULE = YES;
				DYLIB_COMPATIBILITY_VERSION = 1;
				DYLIB_CURRENT_VERSION = 1;
				DYLIB_INSTALL_NAME_BASE = "@rpath";
				GENERATE_INFOPLIST_FILE = YES;
				INFOPLIST_KEY_NSHumanReadableCopyright = "";
				INSTALL_PATH = "$(LOCAL_LIBRARY_DIR)/Frameworks";
				IPHONEOS_DEPLOYMENT_TARGET = 14.1;
				LD_RUNPATH_SEARCH_PATHS = (
					"$(inherited)",
					"@executable_path/Frameworks",
					"@loader_path/Frameworks",
				);
				MARKETING_VERSION = 1.0;
				PRODUCT_BUNDLE_IDENTIFIER = siwon.CustomUIKit;
				PRODUCT_NAME = "$(TARGET_NAME:c99extidentifier)";
				SKIP_INSTALL = YES;
				SWIFT_EMIT_LOC_STRINGS = YES;
				SWIFT_VERSION = 5.0;
				TARGETED_DEVICE_FAMILY = "1,2";
			};
			name = Debug;
		};
		9BE5120428E5E2DD00DE1407 /* Release */ = {
			isa = XCBuildConfiguration;
			buildSettings = {
				CODE_SIGN_STYLE = Automatic;
				CURRENT_PROJECT_VERSION = 1;
				DEFINES_MODULE = YES;
				DYLIB_COMPATIBILITY_VERSION = 1;
				DYLIB_CURRENT_VERSION = 1;
				DYLIB_INSTALL_NAME_BASE = "@rpath";
				GENERATE_INFOPLIST_FILE = YES;
				INFOPLIST_KEY_NSHumanReadableCopyright = "";
				INSTALL_PATH = "$(LOCAL_LIBRARY_DIR)/Frameworks";
				IPHONEOS_DEPLOYMENT_TARGET = 14.1;
				LD_RUNPATH_SEARCH_PATHS = (
					"$(inherited)",
					"@executable_path/Frameworks",
					"@loader_path/Frameworks",
				);
				MARKETING_VERSION = 1.0;
				PRODUCT_BUNDLE_IDENTIFIER = siwon.CustomUIKit;
				PRODUCT_NAME = "$(TARGET_NAME:c99extidentifier)";
				SKIP_INSTALL = YES;
				SWIFT_EMIT_LOC_STRINGS = YES;
				SWIFT_VERSION = 5.0;
				TARGETED_DEVICE_FAMILY = "1,2";
			};
			name = Release;
		};
		9BE5120628E5E2DD00DE1407 /* Debug */ = {
			isa = XCBuildConfiguration;
			buildSettings = {
				ALWAYS_EMBED_SWIFT_STANDARD_LIBRARIES = YES;
				CODE_SIGN_STYLE = Automatic;
				CURRENT_PROJECT_VERSION = 1;
				GENERATE_INFOPLIST_FILE = YES;
				IPHONEOS_DEPLOYMENT_TARGET = 14.1;
				MARKETING_VERSION = 1.0;
				PRODUCT_BUNDLE_IDENTIFIER = siwon.CustomUIKitTests;
				PRODUCT_NAME = "$(TARGET_NAME)";
				SWIFT_EMIT_LOC_STRINGS = NO;
				SWIFT_VERSION = 5.0;
				TARGETED_DEVICE_FAMILY = "1,2";
			};
			name = Debug;
		};
		9BE5120728E5E2DD00DE1407 /* Release */ = {
			isa = XCBuildConfiguration;
			buildSettings = {
				ALWAYS_EMBED_SWIFT_STANDARD_LIBRARIES = YES;
				CODE_SIGN_STYLE = Automatic;
				CURRENT_PROJECT_VERSION = 1;
				GENERATE_INFOPLIST_FILE = YES;
				IPHONEOS_DEPLOYMENT_TARGET = 14.1;
				MARKETING_VERSION = 1.0;
				PRODUCT_BUNDLE_IDENTIFIER = siwon.CustomUIKitTests;
				PRODUCT_NAME = "$(TARGET_NAME)";
				SWIFT_EMIT_LOC_STRINGS = NO;
				SWIFT_VERSION = 5.0;
				TARGETED_DEVICE_FAMILY = "1,2";
			};
			name = Release;
		};
/* End XCBuildConfiguration section */

/* Begin XCConfigurationList section */
		9BE511E828E5E2DD00DE1407 /* Build configuration list for PBXProject "CustomUIKit" */ = {
			isa = XCConfigurationList;
			buildConfigurations = (
				9BE5120028E5E2DD00DE1407 /* Debug */,
				9BE5120128E5E2DD00DE1407 /* Release */,
			);
			defaultConfigurationIsVisible = 0;
			defaultConfigurationName = Release;
		};
		9BE5120228E5E2DD00DE1407 /* Build configuration list for PBXNativeTarget "CustomUIKit" */ = {
			isa = XCConfigurationList;
			buildConfigurations = (
				9BE5120328E5E2DD00DE1407 /* Debug */,
				9BE5120428E5E2DD00DE1407 /* Release */,
			);
			defaultConfigurationIsVisible = 0;
			defaultConfigurationName = Release;
		};
		9BE5120528E5E2DD00DE1407 /* Build configuration list for PBXNativeTarget "CustomUIKitTests" */ = {
			isa = XCConfigurationList;
			buildConfigurations = (
				9BE5120628E5E2DD00DE1407 /* Debug */,
				9BE5120728E5E2DD00DE1407 /* Release */,
			);
			defaultConfigurationIsVisible = 0;
			defaultConfigurationName = Release;
		};
/* End XCConfigurationList section */

/* Begin XCRemoteSwiftPackageReference section */
		9BE5124A28E5F47A00DE1407 /* XCRemoteSwiftPackageReference "SnapKit" */ = {
			isa = XCRemoteSwiftPackageReference;
			repositoryURL = "https://github.com/SnapKit/SnapKit";
			requirement = {
				branch = develop;
				kind = branch;
			};
		};
/* End XCRemoteSwiftPackageReference section */

/* Begin XCSwiftPackageProductDependency section */
		9BE5124B28E5F47A00DE1407 /* SnapKit */ = {
			isa = XCSwiftPackageProductDependency;
			package = 9BE5124A28E5F47A00DE1407 /* XCRemoteSwiftPackageReference "SnapKit" */;
			productName = SnapKit;
		};
/* End XCSwiftPackageProductDependency section */
	};
	rootObject = 9BE511E528E5E2DD00DE1407 /* Project object */;
}
